
Microsoft Visual Studio Solution File, Format Version 10.00
# Visual Studio 2008
Project("{8BC9CEB8-8B4A-11D0-8D11-00A0C91BC942}") = "Package", "Package.vcproj", "{EE549749-C128-459F-A6CD-75B1FD2874BE}"
EndProject
Global
	GlobalSection(SolutionConfigurationPlatforms) = preSolution
		Debug|Win32 = Debug|Win32
		Release|Win32 = Release|Win32
	EndGlobalSection
	GlobalSection(ProjectConfigurationPlatforms) = postSolution
		{EE549749-C128-459F-A6CD-75B1FD2874BE}.Debug|Win32.ActiveCfg = Debug|Win32
		{EE549749-C128-459F-A6CD-75B1FD2874BE}.Debug|Win32.Build.0 = Debug|Win32
		{EE549749-C128-459F-A6CD-75B1FD2874BE}.Release|Win32.ActiveCfg = Release|Win32
		{EE549749-C128-459F-A6CD-75B1FD2874BE}.Release|Win32.Build.0 = Release|Win32
	EndGlobalSection
	GlobalSection(SolutionProperties) = preSolution
		HideSolutionNode = FALSE
	EndGlobalSection
EndGlobal
