Microsoft Visual Studio Solution File, Format Version 12.00
# Visual Studio 15
VisualStudioVersion = 15.0.25914.0
MinimumVisualStudioVersion = 10.0.40219.1
Project("{2150E333-8FDC-42A3-9474-1A3956D46DE8}") = "Solution Items", "Solution Items", "{8FBEC870-B153-4917-A53A-9FB8B369FCA4}"
	ProjectSection(SolutionItems) = preProject
		StyleCop.testsettings = StyleCop.testsettings
		StyleCop.vsmdi = StyleCop.vsmdi
	EndProjectSection
EndProject
Project("{2150E333-8FDC-42A3-9474-1A3956D46DE8}") = "Test", "Test", "{7F9347C0-CEB0-4CE6-BB4B-A61ADD960D1C}"
EndProject
Project("{FAE04EC0-301F-11D3-BF4B-00C04F79EFBC}") = "StyleCop.CSharp", "Src\StyleCop.CSharp\StyleCop.CSharp.csproj", "{C173ACF5-2CE5-4771-83A4-D01453C8CB09}"
EndProject
Project("{FAE04EC0-301F-11D3-BF4B-00C04F79EFBC}") = "StyleCop", "Src\StyleCop\StyleCop.csproj", "{AF7A7FEA-C07B-456A-B072-C7E795A6CBD4}"
EndProject
Project("{FAE04EC0-301F-11D3-BF4B-00C04F79EFBC}") = "StyleCop.CSharp.Rules", "Src\StyleCop.CSharp.Rules\StyleCop.CSharp.Rules.csproj", "{DE988D84-EAF4-4FD7-A33A-9EE0E6DE752C}"
EndProject
Project("{FAE04EC0-301F-11D3-BF4B-00C04F79EFBC}") = "StyleCop.VisualStudio", "Src\StyleCop.VisualStudio\StyleCop.VisualStudio.csproj", "{58A36A69-E471-4E7D-B75D-EFDE5B1B851B}"
EndProject
Project("{FAE04EC0-301F-11D3-BF4B-00C04F79EFBC}") = "Tests.StyleCop.CSharp.Rules", "Test\Tests.StyleCop.CSharp.Rules\Tests.StyleCop.CSharp.Rules.csproj", "{859D876F-8088-42EA-922A-800D2319C5CE}"
EndProject
Project("{FAE04EC0-301F-11D3-BF4B-00C04F79EFBC}") = "Tests.StyleCop.CSharp", "Test\Tests.StyleCop.CSharp\Tests.StyleCop.CSharp.csproj", "{5970CD94-2C7C-4F83-8C15-A0B3148E631C}"
EndProject
Project("{FAE04EC0-301F-11D3-BF4B-00C04F79EFBC}") = "StyleCop.SettingsEditor", "Src\StyleCop.SettingsEditor\StyleCop.SettingsEditor.csproj", "{88BEE003-4764-455A-9705-B65D3521984F}"
EndProject
Project("{FAE04EC0-301F-11D3-BF4B-00C04F79EFBC}") = "Tests.StyleCop.VisualStudio", "Test\Tests.StyleCop.VisualStudio\Tests.StyleCop.VisualStudio.csproj", "{074AD813-8DC3-46CA-8F7E-97703523EA38}"
EndProject
Project("{FAE04EC0-301F-11D3-BF4B-00C04F79EFBC}") = "Testing.StyleCop.PerfHarness", "Test\Testing.StyleCop.PerfHarness\Testing.StyleCop.PerfHarness.csproj", "{C938AB10-78BE-46FC-8ACF-00D02C576BAF}"
EndProject
Project("{FAE04EC0-301F-11D3-BF4B-00C04F79EFBC}") = "Testing.StyleCop.CSharp.ParserDump", "Test\Testing.StyleCop.CSharp.ParserDump\Testing.StyleCop.CSharp.ParserDump.csproj", "{40EDAB29-01CA-4135-A330-E63F0E99D9FF}"
EndProject
Project("{FAE04EC0-301F-11D3-BF4B-00C04F79EFBC}") = "Tests.StyleCop.ObjectBasedEnvironment", "Test\Tests.StyleCop.ObjectBasedEnvironment\Tests.StyleCop.ObjectBasedEnvironment.csproj", "{321E62EE-A371-4CD7-93A9-4DF91BA092EA}"
EndProject
Project("{FAE04EC0-301F-11D3-BF4B-00C04F79EFBC}") = "StyleCop.VisualStudio.VSIX", "Src\StyleCop.VisualStudio.VSIX\StyleCop.VisualStudio.VSIX.csproj", "{9CD07D44-5890-45D5-AB29-7B105F1BB6AE}"
	ProjectSection(ProjectDependencies) = postProject
		{DE988D84-EAF4-4FD7-A33A-9EE0E6DE752C} = {DE988D84-EAF4-4FD7-A33A-9EE0E6DE752C}
		{AF7A7FEA-C07B-456A-B072-C7E795A6CBD4} = {AF7A7FEA-C07B-456A-B072-C7E795A6CBD4}
		{C173ACF5-2CE5-4771-83A4-D01453C8CB09} = {C173ACF5-2CE5-4771-83A4-D01453C8CB09}
	EndProjectSection
EndProject
Project("{FAE04EC0-301F-11D3-BF4B-00C04F79EFBC}") = "Tests.StyleCop", "Test\Tests.StyleCop\Tests.StyleCop.csproj", "{73E4EB43-7B77-4084-81F9-35BA8241B686}"
EndProject
Global
	GlobalSection(SolutionConfigurationPlatforms) = preSolution
		Debug|Any CPU = Debug|Any CPU
		Release|Any CPU = Release|Any CPU
	EndGlobalSection
	GlobalSection(ProjectConfigurationPlatforms) = postSolution
		{C173ACF5-2CE5-4771-83A4-D01453C8CB09}.Debug|Any CPU.ActiveCfg = Debug|Any CPU
		{C173ACF5-2CE5-4771-83A4-D01453C8CB09}.Debug|Any CPU.Build.0 = Debug|Any CPU
		{C173ACF5-2CE5-4771-83A4-D01453C8CB09}.Release|Any CPU.ActiveCfg = Release|Any CPU
		{C173ACF5-2CE5-4771-83A4-D01453C8CB09}.Release|Any CPU.Build.0 = Release|Any CPU
		{AF7A7FEA-C07B-456A-B072-C7E795A6CBD4}.Debug|Any CPU.ActiveCfg = Debug|Any CPU
		{AF7A7FEA-C07B-456A-B072-C7E795A6CBD4}.Debug|Any CPU.Build.0 = Debug|Any CPU
		{AF7A7FEA-C07B-456A-B072-C7E795A6CBD4}.Release|Any CPU.ActiveCfg = Release|Any CPU
		{AF7A7FEA-C07B-456A-B072-C7E795A6CBD4}.Release|Any CPU.Build.0 = Release|Any CPU
		{DE988D84-EAF4-4FD7-A33A-9EE0E6DE752C}.Debug|Any CPU.ActiveCfg = Debug|Any CPU
		{DE988D84-EAF4-4FD7-A33A-9EE0E6DE752C}.Debug|Any CPU.Build.0 = Debug|Any CPU
		{DE988D84-EAF4-4FD7-A33A-9EE0E6DE752C}.Release|Any CPU.ActiveCfg = Release|Any CPU
		{DE988D84-EAF4-4FD7-A33A-9EE0E6DE752C}.Release|Any CPU.Build.0 = Release|Any CPU
		{58A36A69-E471-4E7D-B75D-EFDE5B1B851B}.Debug|Any CPU.ActiveCfg = Debug|Any CPU
		{58A36A69-E471-4E7D-B75D-EFDE5B1B851B}.Debug|Any CPU.Build.0 = Debug|Any CPU
		{58A36A69-E471-4E7D-B75D-EFDE5B1B851B}.Release|Any CPU.ActiveCfg = Release|Any CPU
		{58A36A69-E471-4E7D-B75D-EFDE5B1B851B}.Release|Any CPU.Build.0 = Release|Any CPU
		{859D876F-8088-42EA-922A-800D2319C5CE}.Debug|Any CPU.ActiveCfg = Debug|Any CPU
		{859D876F-8088-42EA-922A-800D2319C5CE}.Debug|Any CPU.Build.0 = Debug|Any CPU
		{859D876F-8088-42EA-922A-800D2319C5CE}.Release|Any CPU.ActiveCfg = Release|Any CPU
		{859D876F-8088-42EA-922A-800D2319C5CE}.Release|Any CPU.Build.0 = Release|Any CPU
		{5970CD94-2C7C-4F83-8C15-A0B3148E631C}.Debug|Any CPU.ActiveCfg = Debug|Any CPU
		{5970CD94-2C7C-4F83-8C15-A0B3148E631C}.Debug|Any CPU.Build.0 = Debug|Any CPU
		{5970CD94-2C7C-4F83-8C15-A0B3148E631C}.Release|Any CPU.ActiveCfg = Release|Any CPU
		{5970CD94-2C7C-4F83-8C15-A0B3148E631C}.Release|Any CPU.Build.0 = Release|Any CPU
		{88BEE003-4764-455A-9705-B65D3521984F}.Debug|Any CPU.ActiveCfg = Debug|Any CPU
		{88BEE003-4764-455A-9705-B65D3521984F}.Debug|Any CPU.Build.0 = Debug|Any CPU
		{88BEE003-4764-455A-9705-B65D3521984F}.Release|Any CPU.ActiveCfg = Release|Any CPU
		{88BEE003-4764-455A-9705-B65D3521984F}.Release|Any CPU.Build.0 = Release|Any CPU
		{074AD813-8DC3-46CA-8F7E-97703523EA38}.Debug|Any CPU.ActiveCfg = Debug|Any CPU
		{074AD813-8DC3-46CA-8F7E-97703523EA38}.Debug|Any CPU.Build.0 = Debug|Any CPU
		{074AD813-8DC3-46CA-8F7E-97703523EA38}.Release|Any CPU.ActiveCfg = Release|Any CPU
		{074AD813-8DC3-46CA-8F7E-97703523EA38}.Release|Any CPU.Build.0 = Release|Any CPU
		{C938AB10-78BE-46FC-8ACF-00D02C576BAF}.Debug|Any CPU.ActiveCfg = Debug|Any CPU
		{C938AB10-78BE-46FC-8ACF-00D02C576BAF}.Debug|Any CPU.Build.0 = Debug|Any CPU
		{C938AB10-78BE-46FC-8ACF-00D02C576BAF}.Release|Any CPU.ActiveCfg = Release|Any CPU
		{C938AB10-78BE-46FC-8ACF-00D02C576BAF}.Release|Any CPU.Build.0 = Release|Any CPU
		{40EDAB29-01CA-4135-A330-E63F0E99D9FF}.Debug|Any CPU.ActiveCfg = Debug|Any CPU
		{40EDAB29-01CA-4135-A330-E63F0E99D9FF}.Debug|Any CPU.Build.0 = Debug|Any CPU
		{40EDAB29-01CA-4135-A330-E63F0E99D9FF}.Release|Any CPU.ActiveCfg = Release|Any CPU
		{40EDAB29-01CA-4135-A330-E63F0E99D9FF}.Release|Any CPU.Build.0 = Release|Any CPU
		{321E62EE-A371-4CD7-93A9-4DF91BA092EA}.Debug|Any CPU.ActiveCfg = Debug|Any CPU
		{321E62EE-A371-4CD7-93A9-4DF91BA092EA}.Debug|Any CPU.Build.0 = Debug|Any CPU
		{321E62EE-A371-4CD7-93A9-4DF91BA092EA}.Release|Any CPU.ActiveCfg = Release|Any CPU
		{321E62EE-A371-4CD7-93A9-4DF91BA092EA}.Release|Any CPU.Build.0 = Release|Any CPU
		{9CD07D44-5890-45D5-AB29-7B105F1BB6AE}.Debug|Any CPU.ActiveCfg = Debug|Any CPU
		{9CD07D44-5890-45D5-AB29-7B105F1BB6AE}.Debug|Any CPU.Build.0 = Debug|Any CPU
		{9CD07D44-5890-45D5-AB29-7B105F1BB6AE}.Release|Any CPU.ActiveCfg = Release|Any CPU
		{9CD07D44-5890-45D5-AB29-7B105F1BB6AE}.Release|Any CPU.Build.0 = Release|Any CPU
		{73E4EB43-7B77-4084-81F9-35BA8241B686}.Debug|Any CPU.ActiveCfg = Debug|Any CPU
		{73E4EB43-7B77-4084-81F9-35BA8241B686}.Debug|Any CPU.Build.0 = Debug|Any CPU
		{73E4EB43-7B77-4084-81F9-35BA8241B686}.Release|Any CPU.ActiveCfg = Release|Any CPU
		{73E4EB43-7B77-4084-81F9-35BA8241B686}.Release|Any CPU.Build.0 = Release|Any CPU
	EndGlobalSection
	GlobalSection(SolutionProperties) = preSolution
		HideSolutionNode = FALSE
	EndGlobalSection
	GlobalSection(NestedProjects) = preSolution
		{859D876F-8088-42EA-922A-800D2319C5CE} = {7F9347C0-CEB0-4CE6-BB4B-A61ADD960D1C}
		{5970CD94-2C7C-4F83-8C15-A0B3148E631C} = {7F9347C0-CEB0-4CE6-BB4B-A61ADD960D1C}
		{074AD813-8DC3-46CA-8F7E-97703523EA38} = {7F9347C0-CEB0-4CE6-BB4B-A61ADD960D1C}
		{C938AB10-78BE-46FC-8ACF-00D02C576BAF} = {7F9347C0-CEB0-4CE6-BB4B-A61ADD960D1C}
		{40EDAB29-01CA-4135-A330-E63F0E99D9FF} = {7F9347C0-CEB0-4CE6-BB4B-A61ADD960D1C}
		{321E62EE-A371-4CD7-93A9-4DF91BA092EA} = {7F9347C0-CEB0-4CE6-BB4B-A61ADD960D1C}
		{73E4EB43-7B77-4084-81F9-35BA8241B686} = {7F9347C0-CEB0-4CE6-BB4B-A61ADD960D1C}
	EndGlobalSection
	GlobalSection(TestCaseManagementSettings) = postSolution
		CategoryFile = StyleCop.vsmdi
	EndGlobalSection
EndGlobal
